
Microsoft Visual Studio Solution File, Format Version 12.00
# Visual Studio Version 16
VisualStudioVersion = 16.0.31410.357
MinimumVisualStudioVersion = 10.0.40219.1
Project("{FAE04EC0-301F-11D3-BF4B-00C04F79EFBC}") = "khi", "khi.csproj", "{4D698711-7F49-412D-B5A9-70585C39E29F}"
EndProject
Global
	GlobalSection(SolutionConfigurationPlatforms) = preSolution
		Debug|Any CPU = Debug|Any CPU
		Release|Any CPU = Release|Any CPU
	EndGlobalSection
	GlobalSection(ProjectConfigurationPlatforms) = postSolution
		{4D698711-7F49-412D-B5A9-70585C39E29F}.Debug|Any CPU.ActiveCfg = Debug|Any CPU
		{4D698711-7F49-412D-B5A9-70585C39E29F}.Debug|Any CPU.Build.0 = Debug|Any CPU
		{4D698711-7F49-412D-B5A9-70585C39E29F}.Release|Any CPU.ActiveCfg = Release|Any CPU
		{4D698711-7F49-412D-B5A9-70585C39E29F}.Release|Any CPU.Build.0 = Release|Any CPU
	EndGlobalSection
	GlobalSection(SolutionProperties) = preSolution
		HideSolutionNode = FALSE
	EndGlobalSection
	GlobalSection(ExtensibilityGlobals) = postSolution
		SolutionGuid = {F7B089EB-D98F-4626-A74E-903705642E3F}
	EndGlobalSection
EndGlobal
